{
  "requires": true,
  "lockfileVersion": 1,
  "dependencies": {
    "bulma-toast": {
      "version": "1.5.10",
      "resolved": "https://registry.npmjs.org/bulma-toast/-/bulma-toast-1.5.10.tgz",
      "integrity": "sha512-hlCVbpRNeejM0dA+z20xfvQdPchRFWpcms6sRS/SGCHMHTFfjohJEtVsTLyh+TyoqdSvkRGmNxK4SaTGHij7uQ=="
    }
  }
}
